
Microsoft Visual Studio Solution File, Format Version 12.00
# Visual Studio Version 17
VisualStudioVersion = 17.13.35931.197
MinimumVisualStudioVersion = 10.0.40219.1
Project("{2150E333-8FDC-42A3-9474-1A3956D46DE8}") = "Storage", "Storage", "{5E1E2703-85A6-478D-B073-47AEA923D7D2}"
EndProject
Project("{FAE04EC0-301F-11D3-BF4B-00C04F79EFBC}") = "timetable.storage.framework", "timetable.storage.framework\timetable.storage.framework.csproj", "{7FBAF250-A3D1-48E2-864E-72B9E8D3D01A}"
EndProject
Project("{FAE04EC0-301F-11D3-BF4B-00C04F79EFBC}") = "timetable.storage.database", "timetable.storage.database\timetable.storage.database.csproj", "{EBFDBA01-2A3A-4238-8ABD-B817A5A2B698}"
EndProject
Project("{FAE04EC0-301F-11D3-BF4B-00C04F79EFBC}") = "rasp", "rasp\rasp.csproj", "{D0E63270-4F49-4399-AA1E-2D586BF6A7D2}"
EndProject
Project("{FAE04EC0-301F-11D3-BF4B-00C04F79EFBC}") = "timetable.framework", "timetable.framework\timetable.framework.csproj", "{ACD9CC8D-C9E0-4DC0-89DE-1CC6D62664DB}"
EndProject
Global
	GlobalSection(SolutionConfigurationPlatforms) = preSolution
		Debug|Any CPU = Debug|Any CPU
		Release|Any CPU = Release|Any CPU
	EndGlobalSection
	GlobalSection(ProjectConfigurationPlatforms) = postSolution
		{7FBAF250-A3D1-48E2-864E-72B9E8D3D01A}.Debug|Any CPU.ActiveCfg = Debug|Any CPU
		{7FBAF250-A3D1-48E2-864E-72B9E8D3D01A}.Debug|Any CPU.Build.0 = Debug|Any CPU
		{7FBAF250-A3D1-48E2-864E-72B9E8D3D01A}.Release|Any CPU.ActiveCfg = Release|Any CPU
		{7FBAF250-A3D1-48E2-864E-72B9E8D3D01A}.Release|Any CPU.Build.0 = Release|Any CPU
		{EBFDBA01-2A3A-4238-8ABD-B817A5A2B698}.Debug|Any CPU.ActiveCfg = Debug|Any CPU
		{EBFDBA01-2A3A-4238-8ABD-B817A5A2B698}.Debug|Any CPU.Build.0 = Debug|Any CPU
		{EBFDBA01-2A3A-4238-8ABD-B817A5A2B698}.Release|Any CPU.ActiveCfg = Release|Any CPU
		{EBFDBA01-2A3A-4238-8ABD-B817A5A2B698}.Release|Any CPU.Build.0 = Release|Any CPU
		{D0E63270-4F49-4399-AA1E-2D586BF6A7D2}.Debug|Any CPU.ActiveCfg = Debug|Any CPU
		{D0E63270-4F49-4399-AA1E-2D586BF6A7D2}.Debug|Any CPU.Build.0 = Debug|Any CPU
		{D0E63270-4F49-4399-AA1E-2D586BF6A7D2}.Release|Any CPU.ActiveCfg = Release|Any CPU
		{D0E63270-4F49-4399-AA1E-2D586BF6A7D2}.Release|Any CPU.Build.0 = Release|Any CPU
		{ACD9CC8D-C9E0-4DC0-89DE-1CC6D62664DB}.Debug|Any CPU.ActiveCfg = Debug|Any CPU
		{ACD9CC8D-C9E0-4DC0-89DE-1CC6D62664DB}.Debug|Any CPU.Build.0 = Debug|Any CPU
		{ACD9CC8D-C9E0-4DC0-89DE-1CC6D62664DB}.Release|Any CPU.ActiveCfg = Release|Any CPU
		{ACD9CC8D-C9E0-4DC0-89DE-1CC6D62664DB}.Release|Any CPU.Build.0 = Release|Any CPU
	EndGlobalSection
	GlobalSection(SolutionProperties) = preSolution
		HideSolutionNode = FALSE
	EndGlobalSection
	GlobalSection(NestedProjects) = preSolution
		{7FBAF250-A3D1-48E2-864E-72B9E8D3D01A} = {5E1E2703-85A6-478D-B073-47AEA923D7D2}
		{EBFDBA01-2A3A-4238-8ABD-B817A5A2B698} = {5E1E2703-85A6-478D-B073-47AEA923D7D2}
	EndGlobalSection
	GlobalSection(ExtensibilityGlobals) = postSolution
		SolutionGuid = {F478F5E0-B5EA-45AF-80EA-BCF1290AF612}
	EndGlobalSection
EndGlobal
